
Microsoft Visual Studio Solution File, Format Version 12.00
# Visual Studio Version 16
VisualStudioVersion = 16.0.29215.179
MinimumVisualStudioVersion = 10.0.40219.1
Project("{FAE04EC0-301F-11D3-BF4B-00C04F79EFBC}") = "Who_wants_to_be_a_millionaire_show", "Who_wants_to_be_a_millionaire_show.csproj", "{18F7BB9C-8B1E-4824-8F42-C19A23415B1D}"
EndProject
Global
	GlobalSection(SolutionConfigurationPlatforms) = preSolution
		Debug|Any CPU = Debug|Any CPU
		Release|Any CPU = Release|Any CPU
	EndGlobalSection
	GlobalSection(ProjectConfigurationPlatforms) = postSolution
		{18F7BB9C-8B1E-4824-8F42-C19A23415B1D}.Debug|Any CPU.ActiveCfg = Debug|Any CPU
		{18F7BB9C-8B1E-4824-8F42-C19A23415B1D}.Debug|Any CPU.Build.0 = Debug|Any CPU
		{18F7BB9C-8B1E-4824-8F42-C19A23415B1D}.Release|Any CPU.ActiveCfg = Release|Any CPU
		{18F7BB9C-8B1E-4824-8F42-C19A23415B1D}.Release|Any CPU.Build.0 = Release|Any CPU
	EndGlobalSection
	GlobalSection(SolutionProperties) = preSolution
		HideSolutionNode = FALSE
	EndGlobalSection
	GlobalSection(ExtensibilityGlobals) = postSolution
		SolutionGuid = {7DEDB9F4-1AE6-4AC0-8DC8-E8F4EA896FE1}
	EndGlobalSection
EndGlobal
